
Microsoft Visual Studio Solution File, Format Version 11.00
# Visual Studio 2010
Project("{FAE04EC0-301F-11D3-BF4B-00C04F79EFBC}") = "Assembly-CSharp", "Assembly-CSharp.csproj", "{259528fc-3f76-f5a6-ce03-cc017e2947f9}"
EndProject
Project("{FAE04EC0-301F-11D3-BF4B-00C04F79EFBC}") = "Assembly-CSharp-Editor", "Assembly-CSharp-Editor.csproj", "{8aa7c6d4-79b6-f7bc-6ea3-3834e65d028c}"
EndProject
Project("{FAE04EC0-301F-11D3-BF4B-00C04F79EFBC}") = "Assembly-CSharp-firstpass", "Assembly-CSharp-firstpass.csproj", "{d6984aaf-9160-0580-323b-839ebad5b669}"
EndProject
Global
	GlobalSection(SolutionConfigurationPlatforms) = preSolution
		Debug|Any CPU = Debug|Any CPU
	EndGlobalSection
	GlobalSection(ProjectConfigurationPlatforms) = postSolution
		{259528fc-3f76-f5a6-ce03-cc017e2947f9}.Debug|Any CPU.ActiveCfg = Debug|Any CPU
		{259528fc-3f76-f5a6-ce03-cc017e2947f9}.Debug|Any CPU.Build.0 = Debug|Any CPU
		{8aa7c6d4-79b6-f7bc-6ea3-3834e65d028c}.Debug|Any CPU.ActiveCfg = Debug|Any CPU
		{8aa7c6d4-79b6-f7bc-6ea3-3834e65d028c}.Debug|Any CPU.Build.0 = Debug|Any CPU
		{d6984aaf-9160-0580-323b-839ebad5b669}.Debug|Any CPU.ActiveCfg = Debug|Any CPU
		{d6984aaf-9160-0580-323b-839ebad5b669}.Debug|Any CPU.Build.0 = Debug|Any CPU
	EndGlobalSection
	GlobalSection(SolutionProperties) = preSolution
		HideSolutionNode = FALSE
	EndGlobalSection
EndGlobal
